
Microsoft Visual Studio Solution File, Format Version 12.00
# Visual Studio Version 17
VisualStudioVersion = 17.11.35222.181
MinimumVisualStudioVersion = 10.0.40219.1
Project("{9A19103F-16F7-4668-BE54-9A1E7A4F7556}") = "Task1", "Task1\Task1.csproj", "{BB99AC76-DD4F-44DB-9B64-5D4AB328E1EB}"
EndProject
Project("{9A19103F-16F7-4668-BE54-9A1E7A4F7556}") = "Task2", "Task2\Task2.csproj", "{B9D97341-3ABA-4580-A481-1F018086E4DE}"
EndProject
Project("{9A19103F-16F7-4668-BE54-9A1E7A4F7556}") = "Task3", "Task3\Task3.csproj", "{005BCDD8-CCDF-4EC9-B7DF-CF301618B692}"
EndProject
Project("{9A19103F-16F7-4668-BE54-9A1E7A4F7556}") = "Task4", "Task4\Task4.csproj", "{27F4EE9C-62F2-4150-AED5-DF50775095A6}"
EndProject
Project("{9A19103F-16F7-4668-BE54-9A1E7A4F7556}") = "Task5", "Task5\Task5.csproj", "{6FD69C8E-FD02-4022-A7B7-39078E061BE2}"
EndProject
Project("{FAE04EC0-301F-11D3-BF4B-00C04F79EFBC}") = "Practical1Test", "Practical1Test\Practical1Test.csproj", "{459D980F-CA55-4A52-9BF6-3481B3F92D56}"
EndProject
Global
	GlobalSection(SolutionConfigurationPlatforms) = preSolution
		Debug|Any CPU = Debug|Any CPU
		Release|Any CPU = Release|Any CPU
	EndGlobalSection
	GlobalSection(ProjectConfigurationPlatforms) = postSolution
		{BB99AC76-DD4F-44DB-9B64-5D4AB328E1EB}.Debug|Any CPU.ActiveCfg = Debug|Any CPU
		{BB99AC76-DD4F-44DB-9B64-5D4AB328E1EB}.Debug|Any CPU.Build.0 = Debug|Any CPU
		{BB99AC76-DD4F-44DB-9B64-5D4AB328E1EB}.Release|Any CPU.ActiveCfg = Release|Any CPU
		{BB99AC76-DD4F-44DB-9B64-5D4AB328E1EB}.Release|Any CPU.Build.0 = Release|Any CPU
		{B9D97341-3ABA-4580-A481-1F018086E4DE}.Debug|Any CPU.ActiveCfg = Debug|Any CPU
		{B9D97341-3ABA-4580-A481-1F018086E4DE}.Debug|Any CPU.Build.0 = Debug|Any CPU
		{B9D97341-3ABA-4580-A481-1F018086E4DE}.Release|Any CPU.ActiveCfg = Release|Any CPU
		{B9D97341-3ABA-4580-A481-1F018086E4DE}.Release|Any CPU.Build.0 = Release|Any CPU
		{005BCDD8-CCDF-4EC9-B7DF-CF301618B692}.Debug|Any CPU.ActiveCfg = Debug|Any CPU
		{005BCDD8-CCDF-4EC9-B7DF-CF301618B692}.Debug|Any CPU.Build.0 = Debug|Any CPU
		{005BCDD8-CCDF-4EC9-B7DF-CF301618B692}.Release|Any CPU.ActiveCfg = Release|Any CPU
		{005BCDD8-CCDF-4EC9-B7DF-CF301618B692}.Release|Any CPU.Build.0 = Release|Any CPU
		{27F4EE9C-62F2-4150-AED5-DF50775095A6}.Debug|Any CPU.ActiveCfg = Debug|Any CPU
		{27F4EE9C-62F2-4150-AED5-DF50775095A6}.Debug|Any CPU.Build.0 = Debug|Any CPU
		{27F4EE9C-62F2-4150-AED5-DF50775095A6}.Release|Any CPU.ActiveCfg = Release|Any CPU
		{27F4EE9C-62F2-4150-AED5-DF50775095A6}.Release|Any CPU.Build.0 = Release|Any CPU
		{6FD69C8E-FD02-4022-A7B7-39078E061BE2}.Debug|Any CPU.ActiveCfg = Debug|Any CPU
		{6FD69C8E-FD02-4022-A7B7-39078E061BE2}.Debug|Any CPU.Build.0 = Debug|Any CPU
		{6FD69C8E-FD02-4022-A7B7-39078E061BE2}.Release|Any CPU.ActiveCfg = Release|Any CPU
		{6FD69C8E-FD02-4022-A7B7-39078E061BE2}.Release|Any CPU.Build.0 = Release|Any CPU
		{459D980F-CA55-4A52-9BF6-3481B3F92D56}.Debug|Any CPU.ActiveCfg = Debug|Any CPU
		{459D980F-CA55-4A52-9BF6-3481B3F92D56}.Debug|Any CPU.Build.0 = Debug|Any CPU
		{459D980F-CA55-4A52-9BF6-3481B3F92D56}.Release|Any CPU.ActiveCfg = Release|Any CPU
		{459D980F-CA55-4A52-9BF6-3481B3F92D56}.Release|Any CPU.Build.0 = Release|Any CPU
	EndGlobalSection
	GlobalSection(SolutionProperties) = preSolution
		HideSolutionNode = FALSE
	EndGlobalSection
	GlobalSection(ExtensibilityGlobals) = postSolution
		SolutionGuid = {96E3F127-7CBC-4151-9CAE-4864C0BD9BE8}
	EndGlobalSection
EndGlobal
